# This file is autogenerated, do not edit; changes may be undone by the next 'dep ensure'.


[[projects]]
  branch = "master"
  digest = "1:7a6377256f670508711c56c25556d639e673c0fa0f519c5a758fdcbfc8af9ac8"
  name = "github.com/golang/freetype"
  packages = [
    ".",
    "raster",
    "truetype",
  ]
  pruneopts = "UT"
  revision = "e2365dfdc4a05e4b8299a783240d4a7d5a65d4e4"

[[projects]]
  branch = "master"
  digest = "1:6d674a768fd27ad126eb8357ebbc14cb5b000badd62d4b7cbe403abb231e099e"
  name = "golang.org/x/image"
  packages = [
    "font",
    "math/fixed",
  ]
  pruneopts = "UT"
  revision = "7e034cad644213bc79b336b52fce73624259aeca"

[solve-meta]
  analyzer-name = "dep"
  analyzer-version = 1
  input-imports = [
    "github.com/golang/freetype",
    "golang.org/x/image/font",
  ]
  solver-name = "gps-cdcl"
  solver-version = 1
